<?xml version="1.0" encoding="utf-8"?>
<Project ToolsVersion="15.0" xmlns="http://schemas.microsoft.com/developer/msbuild/2003">
  <ItemGroup>
    <ClCompile Include="Hacks\Hacks.cpp" />
    <ClCompile Include="Hacks\Features\AntiAim\AntiAntiAim.cpp" />
    <ClCompile Include="Main\Injection\ReflectiveLoader.cpp" />
    <ClCompile Include="Main\DLLMain.cpp" />
    <ClCompile Include="Hacks\Features\AutoWall\Autowall.cpp" />
    <ClCompile Include="Main\SDK\SDK.cpp" />
    <ClCompile Include="Main\Offsets\Offsets.cpp" />
    <ClCompile Include="Main\NetVars\NetVars.cpp" />
    <ClCompile Include="Main\NetVars\NetVarManager.cpp" />
    <ClCompile Include="Hacks\Features\Aim\Legit\LegitBot.cpp" />
    <ClCompile Include="Menu\Interface\Interfaces.cpp" />
    <ClCompile Include="Menu\GUI\GUI.cpp" />
    <ClCompile Include="Hacks\Features\Visuals\Chams\Chams.cpp" />
    <ClCompile Include="Hacks\Features\Aim\Rage\RageBot.cpp" />
    <ClCompile Include="Hacks\Features\Aim\Rage\Raged\raged.cpp" />
    <ClCompile Include="Includes\CRC32\CRC32.cpp" />
    <ClCompile Include="Hacks\Misc\AutoDefuse\autodefuse.cpp" />
    <ClCompile Include="Menu\Menu.cpp" />
    <ClCompile Include="Hacks\Misc\BunnyHop\CircleStrafer\circlestrafer.cpp" />
    <ClCompile Include="Engine\Engine Prediction\EnginePrediction.cpp" />
    <ClCompile Include="Engine\Engine Prediction\engine_prd.cpp" />
    <ClCompile Include="Main\Entities\Entities.cpp" />
    <ClCompile Include="Hacks\Misc\DamageIndicator\DamageIndicator.cpp" />
    <ClCompile Include="Hacks\Features\FakeLag\Fakelag.cpp" />
    <ClCompile Include="Hacks\Features\KnifeBot\knifebot.cpp" />
    <ClCompile Include="Main\Hooks\Hooks.cpp" />
    <ClCompile Include="Hacks\Features\LagCompensation\laggycompensation.cpp" />
    <ClCompile Include="Hacks\Misc\GrenadePrediction\kobe.cpp" />
    <ClCompile Include="Main\MathFunctions\MathFunctions.cpp" />
    <ClCompile Include="Hacks\Misc\MiscHacks.cpp" />
    <ClCompile Include="Hacks\Features\Resolver\Resolver.cpp" />
    <ClCompile Include="Main\SDK\SDK\Controls.cpp" />
    <ClCompile Include="Main\SDK\SDK\Dumping.cpp" />
    <ClCompile Include="Main\SDK\SDK\edgy.cpp" />
    <ClCompile Include="Main\SDK\SDK\extrapolation.cpp" />
    <ClCompile Include="Main\SDK\SDK\global_count.cpp" />
    <ClCompile Include="Main\SDK\SDK\globalshh.cpp" />
    <ClCompile Include="Main\SDK\SDK\lodepng.cpp" />
    <ClCompile Include="Main\SDK\SDK\MetaInfo.cpp" />
    <ClCompile Include="Hacks\Misc\Radar\radar.cpp" />
    <ClCompile Include="Hacks\Features\Visuals\Visual.cpp" />
    <ClCompile Include="Hacks\Features\Visuals\ESP\ESP.cpp" />
    <ClCompile Include="Main\SDK\SDK\RenderManager.cpp" />
    <ClCompile Include="Main\SDK\SDK\tinyxml2.cpp" />
    <ClCompile Include="Main\SDK\SDK\UTIL Functions.cpp" />
    <ClCompile Include="Main\SDK\SDK\Utilities.cpp" />
    <ClCompile Include="Main\SDK\SDK\Window.cpp" />
    <ClCompile Include="Main\SDK\SDK\SpoofedConvar.cpp" />
  </ItemGroup>
  <ItemGroup>
    <ClInclude Include="Hacks\Hacks.h" />
    <ClInclude Include="Hacks\Features\AntiAim\AntiAntiAim.h" />
    <ClInclude Include="Main\Injection\ReflectiveDLLInjection.h" />
    <ClInclude Include="Main\Injection\ReflectiveLoader.h" />
    <ClInclude Include="Main\DLLMain.h" />
    <ClInclude Include="Main\AntiLeak\AntiLeak.h" />
    <ClInclude Include="Hacks\Features\AutoWall\Autowall.h" />
    <ClInclude Include="Main\SDK\SDK.h" />
    <ClInclude Include="Main\Offsets\Offsets.h" />
    <ClInclude Include="Main\NetVars\NetVars.h" />
    <ClInclude Include="Hacks\Features\Aim\Legit\LegitBot.h" />
    <ClInclude Include="Menu\Interface\Interfaces.h" />
    <ClInclude Include="Menu\GUI\GUI.h" />
    <ClInclude Include="Hacks\Features\Visuals\Chams\Chams.h" />
    <ClInclude Include="Hacks\Features\Aim\Rage\RageBot.h" />
    <ClInclude Include="Hacks\Features\Aim\Rage\Raged\raged.h" />
    <ClInclude Include="Includes\CRC32\CRC32.h" />
    <ClInclude Include="Includes\CommonIncludes.h" />
    <ClInclude Include="Hacks\Misc\AutoDefuse\autodefuse.h" />
    <ClInclude Include="Main\BaseClient\BaseClient.h" />
    <ClInclude Include="Menu\Menu.h" />
    <ClInclude Include="Hacks\Misc\BunnyHop\CircleStrafer\circlestrafer.h" />
    <ClInclude Include="Engine\EngineClient.h" />
    <ClInclude Include="Engine\Engine Prediction\EnginePrediction.h" />
    <ClInclude Include="Engine\Engine Prediction\engine_prd.h" />
    <ClInclude Include="Hacks\Features\Visuals\Glow\glow_outline_effect.h" />
    <ClInclude Include="Hacks\Features\Visuals\Glow\GlowManager.h" />
    <ClInclude Include="Main\Entities\Entities.h" />
    <ClInclude Include="Hacks\Misc\DamageIndicator\DamageIndicator.h" />
    <ClInclude Include="Hacks\Misc\HitMarker\hitmarker.h" />
    <ClInclude Include="Hacks\Features\KnifeBot\knifebot.h" />
    <ClInclude Include="Main\Hooks\Hooks.h" />
    <ClInclude Include="Hacks\Features\LagCompensation\laggycompensation.h" />
    <ClInclude Include="Hacks\Features\LagCompensation\LagCompensation2.h" />
    <ClInclude Include="Hacks\Misc\GrenadePrediction\kobe.h" />
    <ClInclude Include="Main\MathFunctions\MathFunctions.h" />
    <ClInclude Include="Hacks\Misc\MiscHacks.h" />
    <ClInclude Include="Hacks\Misc\MiscDefinitions.h" />
    <ClInclude Include="Hacks\Misc\MiscClasses.h" />
    <ClInclude Include="Main\Xor\xor.h" />
    <ClInclude Include="Main\Xor\XorStr.hpp" />
    <ClInclude Include="Hacks\Features\Resolver\Resolver.h" />
    <ClInclude Include="Main\SDK\SDK\awh.h" />
    <ClInclude Include="Main\SDK\SDK\bspflags.h" />
    <ClInclude Include="Main\SDK\SDK\CBulletListener.h" />
    <ClInclude Include="Main\SDK\SDK\CClientState.h" />
    <ClInclude Include="Main\SDK\SDK\ClientRecvProps.h" />
    <ClInclude Include="Main\SDK\SDK\Controls.h" />
    <ClInclude Include="Main\SDK\SDK\CUtlVector.h" />
    <ClInclude Include="Main\SDK\SDK\Dumping.h" />
    <ClInclude Include="Main\SDK\SDK\edge.h" />
    <ClInclude Include="Main\SDK\SDK\FakeLatency.h" />
    <ClInclude Include="Main\SDK\SDK\global_count.h" />
    <ClInclude Include="Main\SDK\SDK\globalshhh.h" />
    <ClInclude Include="Main\SDK\SDK\IClientMode.h" />
    <ClInclude Include="Main\SDK\SDK\lin_extp.h" />
    <ClInclude Include="Main\SDK\SDK\lodepng.h" />
    <ClInclude Include="Main\SDK\SDK\Materials.h" />
    <ClInclude Include="Main\SDK\SDK\MetaInfo.h" />
    <ClInclude Include="Main\SDK\SDK\pasted.h" />
    <ClInclude Include="Main\SDK\SDK\Proxies.h" />
    <ClInclude Include="Hacks\Misc\Radar\radar.h" />
    <ClInclude Include="Hacks\Features\Visuals\Visuals.h" />
    <ClInclude Include="Hacks\Features\Visuals\ESP\ESP.h" />
    <ClInclude Include="Main\SDK\SDK\RenderManager.h" />
    <ClInclude Include="Main\SDK\SDK\winwindef.h" />
    <ClInclude Include="Main\SDK\SDK\resource.h" />
    <ClInclude Include="Main\SDK\SDK\singleton.h" />
    <ClInclude Include="Main\SDK\SDK\Singleton.hpp" />
    <ClInclude Include="Main\SDK\SDK\Skins.h" />
    <ClInclude Include="Main\SDK\SDK\Surface.h" />
    <ClInclude Include="Main\SDK\SDK\tinyxml2.h" />
    <ClInclude Include="Main\SDK\SDK\UTIL Functions.h" />
    <ClInclude Include="Main\SDK\SDK\Utilities.h" />
    <ClInclude Include="Main\SDK\SDK\Vector.h" />
    <ClInclude Include="Main\SDK\SDK\Vector2D.h" />
    <ClInclude Include="%40Changelog.h" />
  </ItemGroup>
  <ItemGroup>
    <None Include="Main\Hooks\hooks.backup" />
  </ItemGroup>
</Project>